{
  "version": 1,
  "dependencies": {
    "net10.0": {
      "Avalonia": {
        "type": "Direct",
        "requested": "[11.3.14, )",
        "resolved": "11.3.14",
        "contentHash": "RcGp0iXRBqMrDRXOTUOn9OaUTx8NlukTdhuBmY9w5JmVreDtZRRErKwwiHPw+YjkbTHvhfFFNsu3Hhd+oJGIZQ==",
        "dependencies": {
          "Avalonia.BuildServices": "11.3.2",
          "Avalonia.Remote.Protocol": "11.3.14",
          "MicroCom.Runtime": "0.11.0"
        }
      },
      "Avalonia.Controls.DataGrid": {
        "type": "Direct",
        "requested": "[11.3.13, )",
        "resolved": "11.3.13",
        "contentHash": "Omfzm3l5ZJQHe1dCuvvadV3LkGmCzImnfOKtoXcDH632jDSwMKRGJ7S+uZRhmu7aBzRxL7PrpIfo4wdDGuzmWA==",
        "dependencies": {
          "Avalonia": "11.3.13"
        }
      },
      "Avalonia.Controls.ItemsRepeater": {
        "type": "Direct",
        "requested": "[11.1.5, )",
        "resolved": "11.1.5",
        "contentHash": "MfsDSvpa/QUvOw8c8BQtDHHu3DUHYYGjkDBpN0uOpjFqng6qCzkuoyJZ7vIXSlDNb685yqW8VluWMjniz5BI4A==",
        "dependencies": {
          "Avalonia": "11.1.5"
        }
      },
      "Avalonia.Desktop": {
        "type": "Direct",
        "requested": "[11.3.14, )",
        "resolved": "11.3.14",
        "contentHash": "7IiTMWsFib1foIEagcaTtsjWa6VA/iAbNjHpM4aSF8sfwPPj1HRj7qEySrINqlJDK2WYVM/IL5S8bHWs+KKX1Q==",
        "dependencies": {
          "Avalonia": "11.3.14",
          "Avalonia.Native": "11.3.14",
          "Avalonia.Skia": "11.3.14",
          "Avalonia.Win32": "11.3.14",
          "Avalonia.X11": "11.3.14"
        }
      },
      "Avalonia.ReactiveUI": {
        "type": "Direct",
        "requested": "[11.3.9, )",
        "resolved": "11.3.9",
        "contentHash": "Butgdd/wqpZ9QFHAaoOC8qOMTryYoIPeCXrXrV6qf5At4lCEkqcmAe1pRmdqpgeA4e4t19tjbXMElKj28jmhPg==",
        "dependencies": {
          "Avalonia": "11.3.9",
          "ReactiveUI": "20.1.1",
          "System.Reactive": "6.0.1"
        }
      },
      "Avalonia.Themes.Fluent": {
        "type": "Direct",
        "requested": "[11.3.14, )",
        "resolved": "11.3.14",
        "contentHash": "meVY25MJjBkAmZd4GJGOrpiqSgbEyTeFXjR9SF8aaZsq9BXDaiZz61+Ivvu7bEta12hmnx8AaVnOSdKo/qkT9g==",
        "dependencies": {
          "Avalonia": "11.3.14"
        }
      },
      "Avalonia.Xaml.Behaviors": {
        "type": "Direct",
        "requested": "[11.3.0.6, )",
        "resolved": "11.3.0.6",
        "contentHash": "u4AzRslJlzGnNpIf81kvi/2txUUiqwZMf6rUfKa9lxb8c/RiwNbCQUj64QUpTw5cC0o+elD4bVN5aUYnZW0/9g==",
        "dependencies": {
          "Avalonia": "11.3.0",
          "Avalonia.Xaml.Interactions": "11.3.0.6",
          "Avalonia.Xaml.Interactions.Custom": "11.3.0.6",
          "Avalonia.Xaml.Interactions.DragAndDrop": "11.3.0.6",
          "Avalonia.Xaml.Interactions.Draggable": "11.3.0.6",
          "Avalonia.Xaml.Interactions.Events": "11.3.0.6",
          "Avalonia.Xaml.Interactions.Responsive": "11.3.0.6",
          "Avalonia.Xaml.Interactivity": "11.3.0.6"
        }
      },
      "DynamicData": {
        "type": "Direct",
        "requested": "[8.4.1, )",
        "resolved": "8.4.1",
        "contentHash": "Mn1+fU/jqxgONEJq8KLQPGWEi7g/hUVTbjZyn4QM0sWWDAVOHPO9WjXWORSykwdfg/6S3GM15qsfz+2EvO+QAQ==",
        "dependencies": {
          "System.Reactive": "6.0.0"
        }
      },
      "Newtonsoft.Json": {
        "type": "Direct",
        "requested": "[13.0.4, )",
        "resolved": "13.0.4",
        "contentHash": "pdgNNMai3zv51W5aq268sujXUyx7SNdE2bj1wZcWjAQrKMFZV260lbqYop1d2GM67JI1huLRwxo9ZqnfF/lC6A=="
      },
      "System.Reactive": {
        "type": "Direct",
        "requested": "[6.1.0, )",
        "resolved": "6.1.0",
        "contentHash": "M5cCC1ZMkZr9jbSQGTHnVkb5TDN67qWCV7AP8TAHdGkvDlu0puT5NzemESNn9+HkYIDpWpocP68/i+/ame2/2w=="
      },
      "Avalonia.Angle.Windows.Natives": {
        "type": "Transitive",
        "resolved": "2.1.25547.20250602",
        "contentHash": "ZL0VLc4s9rvNNFt19Pxm5UNAkmKNylugAwJPX9ulXZ6JWs/l6XZihPWWTyezaoNOVyEPU8YbURtW7XMAtqXH5A=="
      },
      "Avalonia.BuildServices": {
        "type": "Transitive",
        "resolved": "11.3.2",
        "contentHash": "qHDToxto1e3hci5YqbG9n0Ty8mlp3zBUN5wT66wKqaDVzXyQ0do3EnRILd4Ke9jpvsktaPpgE0YjEk7hornryQ=="
      },
      "Avalonia.FreeDesktop": {
        "type": "Transitive",
        "resolved": "11.3.14",
        "contentHash": "qp1UH0A8/C0Dwka6575PkTuJro9BtjEmgvfr70UEkv3e6S0FYotz4BPPgWLeM/svltrEdft2VO1FjSA4q3nFPA==",
        "dependencies": {
          "Avalonia": "11.3.14",
          "Tmds.DBus.Protocol": "0.21.3"
        }
      },
      "Avalonia.Native": {
        "type": "Transitive",
        "resolved": "11.3.14",
        "contentHash": "9ocWL83dAtB8W5dWXl6PIpf303Ri1o1JIDRo5Q9ZewIS/caKL2cgElrTSArc+4UrElCMluGbKHQC5P+YlF2fnQ==",
        "dependencies": {
          "Avalonia": "11.3.14"
        }
      },
      "Avalonia.Remote.Protocol": {
        "type": "Transitive",
        "resolved": "11.3.14",
        "contentHash": "P4QPwf9VQt4CjntmfGo8uL+S1RaVbTlcFgECSFIWN3AWc/IbKs76tbZ6ibpdFg1C+IKubBPQ+hUeUq7MrBIWDA=="
      },
      "Avalonia.Skia": {
        "type": "Transitive",
        "resolved": "11.3.14",
        "contentHash": "ksUk0PRTSjzYajk3aFpGvg+LotLe/pZj1K7B0b8As2ssDxFXFDPUnRvRZmw7f6jBBcfsYI6/LlFJZ93T8YAI2w==",
        "dependencies": {
          "Avalonia": "11.3.14",
          "HarfBuzzSharp": "8.3.1.1",
          "HarfBuzzSharp.NativeAssets.Linux": "8.3.1.1",
          "HarfBuzzSharp.NativeAssets.WebAssembly": "8.3.1.1",
          "SkiaSharp": "2.88.9",
          "SkiaSharp.NativeAssets.Linux": "2.88.9",
          "SkiaSharp.NativeAssets.WebAssembly": "2.88.9"
        }
      },
      "Avalonia.Win32": {
        "type": "Transitive",
        "resolved": "11.3.14",
        "contentHash": "jmJkqMfPKSvftkvc0m1YvbbBG42aKq4gPYpHZvpfVHrQ4m/Ln5sF67hUzhbK6qJ2E9Yr2ZJtuvCaTH/EHRW36g==",
        "dependencies": {
          "Avalonia": "11.3.14",
          "Avalonia.Angle.Windows.Natives": "2.1.25547.20250602"
        }
      },
      "Avalonia.X11": {
        "type": "Transitive",
        "resolved": "11.3.14",
        "contentHash": "QFyiQof5vCHo+KY3y+NsmUhM/dsvUVaipDW3zwF6sK7zpdefy/OZQxtuEVjjWyyVuEmua0gyXEaVWbOUu0AgsA==",
        "dependencies": {
          "Avalonia": "11.3.14",
          "Avalonia.FreeDesktop": "11.3.14",
          "Avalonia.Skia": "11.3.14"
        }
      },
      "Avalonia.Xaml.Interactions": {
        "type": "Transitive",
        "resolved": "11.3.0.6",
        "contentHash": "87YePbXtmACZb/OrH9OpHlXdKQ0VYRZC1UzoUo4vsqp0593bOtmhp3GnVsyJXYJuaNG6+qDY6EWssYVV2Wqegg==",
        "dependencies": {
          "Avalonia": "11.3.0",
          "Avalonia.Xaml.Interactivity": "11.3.0.6"
        }
      },
      "Avalonia.Xaml.Interactions.Custom": {
        "type": "Transitive",
        "resolved": "11.3.0.6",
        "contentHash": "Y+HcF4TQMgA84MVAOw20LA8IV7ysBaMf0pCeUUpopjWDuc9BQYrg8HPgQYKLJ4Nxu2rx+jhGmqNn7wHwqTPWjg==",
        "dependencies": {
          "Avalonia": "11.3.0",
          "Avalonia.Xaml.Interactivity": "11.3.0.6"
        }
      },
      "Avalonia.Xaml.Interactions.DragAndDrop": {
        "type": "Transitive",
        "resolved": "11.3.0.6",
        "contentHash": "GtLgxWYyW9Tyhct8O4WxKV3ELLAb8VI1kZCUm92dbw64XTiVlCsf9toW79yQo1ij4peG6GqDR1kBw9JXEs6zdw==",
        "dependencies": {
          "Avalonia": "11.3.0",
          "Avalonia.Xaml.Interactions": "11.3.0.6",
          "Avalonia.Xaml.Interactivity": "11.3.0.6"
        }
      },
      "Avalonia.Xaml.Interactions.Draggable": {
        "type": "Transitive",
        "resolved": "11.3.0.6",
        "contentHash": "MgqWxkaXasmDY3ygVnz74T7ES+iB/JcRnyGjc9s1v5W6x8CZfKtH5wFs0JyL3JpmxdFDqoDOuyeBRzWt2pOV4A==",
        "dependencies": {
          "Avalonia": "11.3.0",
          "Avalonia.Xaml.Interactivity": "11.3.0.6"
        }
      },
      "Avalonia.Xaml.Interactions.Events": {
        "type": "Transitive",
        "resolved": "11.3.0.6",
        "contentHash": "Rm6QtQmQ2JlJZk8xK6thiIBMzG9n2m+TwqxP+M139J5P+05Jo2rWgZ0K2nqLUthhbdE/qBJFCjMGyZkcBhy/Kg==",
        "dependencies": {
          "Avalonia": "11.3.0",
          "Avalonia.Xaml.Interactivity": "11.3.0.6"
        }
      },
      "Avalonia.Xaml.Interactions.Responsive": {
        "type": "Transitive",
        "resolved": "11.3.0.6",
        "contentHash": "Rh1kgeJ3Ek9am2MqMKbuEqP6g4x2XKJotxa4RAO6k+FI5ZGQhYekwuFteE41VgBbF1Y8VHf6RLtvsxSmB9277A==",
        "dependencies": {
          "Avalonia": "11.3.0",
          "Avalonia.Xaml.Interactivity": "11.3.0.6"
        }
      },
      "Avalonia.Xaml.Interactivity": {
        "type": "Transitive",
        "resolved": "11.3.0.6",
        "contentHash": "G5zKVK44HjaSXm+DHDukYa04NltlrV9adKAzIwxItcQVVtkqxXBWXv3829xqBc4Ulbt/qbq59qRD4aOxSPWP4Q==",
        "dependencies": {
          "Avalonia": "11.3.0"
        }
      },
      "HarfBuzzSharp": {
        "type": "Transitive",
        "resolved": "8.3.1.1",
        "contentHash": "tLZN66oe/uiRPTZfrCU4i8ScVGwqHNh5MHrXj0yVf4l7Mz0FhTGnQ71RGySROTmdognAs0JtluHkL41pIabWuQ==",
        "dependencies": {
          "HarfBuzzSharp.NativeAssets.Win32": "8.3.1.1",
          "HarfBuzzSharp.NativeAssets.macOS": "8.3.1.1"
        }
      },
      "HarfBuzzSharp.NativeAssets.Linux": {
        "type": "Transitive",
        "resolved": "8.3.1.1",
        "contentHash": "3EZ1mpIiKWRLL5hUYA82ZHteeDIVaEA/Z0rA/wU6tjx6crcAkJnBPwDXZugBSfo8+J3EznvRJf49uMsqYfKrHg=="
      },
      "HarfBuzzSharp.NativeAssets.macOS": {
        "type": "Transitive",
        "resolved": "8.3.1.1",
        "contentHash": "jbtCsgftcaFLCA13tVKo5iWdElJScrulLTKJre36O4YQTIlwDtPPqhRZNk+Y0vv4D1gxbscasGRucUDfS44ofQ=="
      },
      "HarfBuzzSharp.NativeAssets.WebAssembly": {
        "type": "Transitive",
        "resolved": "8.3.1.1",
        "contentHash": "loJweK2u/mH/3C2zBa0ggJlITIszOkK64HLAZB7FUT670dTg965whLFYHDQo69NmC4+d9UN0icLC9VHidXaVCA=="
      },
      "HarfBuzzSharp.NativeAssets.Win32": {
        "type": "Transitive",
        "resolved": "8.3.1.1",
        "contentHash": "UsJtQsfAJoFDZrXc4hCUfRPMqccfKZ0iumJ/upcUjz/cmsTgVFGNEL5yaJWmkqsuFYdMWbj/En5/kS4PFl9hBA=="
      },
      "MicroCom.Runtime": {
        "type": "Transitive",
        "resolved": "0.11.0",
        "contentHash": "MEnrZ3UIiH40hjzMDsxrTyi8dtqB5ziv3iBeeU4bXsL/7NLSal9F1lZKpK+tfBRnUoDSdtcW3KufE4yhATOMCA=="
      },
      "Microsoft.Data.Sqlite": {
        "type": "Transitive",
        "resolved": "8.0.29",
        "contentHash": "UT01MJBITsT5CFLK9bhYWjz847BHlC2em7nhBNCCSYsI72mIzrXHfrQT8R+huQKJGZo94/a9GWGzKPn7mmlMyw==",
        "dependencies": {
          "Microsoft.Data.Sqlite.Core": "8.0.29",
          "SQLitePCLRaw.bundle_e_sqlite3": "2.1.6"
        }
      },
      "Microsoft.Data.Sqlite.Core": {
        "type": "Transitive",
        "resolved": "8.0.29",
        "contentHash": "B/7Z0la03kNVdmZtgSN/PocA2nsPiVUq56iCh25oW8W31Yzg1ofrMWy79i0DcDOXuHjy7+jlsUlSNytwe9Et5A==",
        "dependencies": {
          "SQLitePCLRaw.core": "2.1.6"
        }
      },
      "Microsoft.NETCore.Platforms": {
        "type": "Transitive",
        "resolved": "5.0.0",
        "contentHash": "VyPlqzH2wavqquTcYpkIIAQ6WdenuKoFN0BdYBbCWsclXacSOHNQn66Gt4z5NBqEYW0FAPm5rlvki9ZiCij5xQ=="
      },
      "Polly": {
        "type": "Transitive",
        "resolved": "8.6.5",
        "contentHash": "VqtW2ZE/ALvQMAH1cQY3qZ2cF2OXa3oe/HKMdOv6Q02HCoEW0rsFNfcBONXlHBe1TnjWW1vdRxBEkPeq0/2FHA==",
        "dependencies": {
          "Polly.Core": "8.6.5"
        }
      },
      "Polly.Core": {
        "type": "Transitive",
        "resolved": "8.6.5",
        "contentHash": "t+sUVrIwvo7UmsgHGgOG9F0GDZSRIm47u2ylH17Gvcv1q5hNEwgD5GoBlFyc0kh/pebmPyrAgvGsR/65ZBaXlg=="
      },
      "ReactiveUI": {
        "type": "Transitive",
        "resolved": "20.1.1",
        "contentHash": "9hNPknWjijnaSWs6auypoXqUptPZcRpUypF+cf1zD50fgW+SEoQda502N3fVZ2eWPcaiUad+z6GaLwOWmUVHNw==",
        "dependencies": {
          "DynamicData": "8.4.1",
          "Splat": "15.1.1",
          "System.ComponentModel.Annotations": "5.0.0"
        }
      },
      "SkiaSharp": {
        "type": "Transitive",
        "resolved": "2.88.9",
        "contentHash": "3MD5VHjXXieSHCleRLuaTXmL2pD0mB7CcOB1x2kA1I4bhptf4e3R27iM93264ZYuAq6mkUyX5XbcxnZvMJYc1Q==",
        "dependencies": {
          "SkiaSharp.NativeAssets.Win32": "2.88.9",
          "SkiaSharp.NativeAssets.macOS": "2.88.9"
        }
      },
      "SkiaSharp.NativeAssets.Linux": {
        "type": "Transitive",
        "resolved": "2.88.9",
        "contentHash": "cWSaJKVPWAaT/WIn9c8T5uT/l4ETwHxNJTkEOtNKjphNo8AW6TF9O32aRkxqw3l8GUdUo66Bu7EiqtFh/XG0Zg==",
        "dependencies": {
          "SkiaSharp": "2.88.9"
        }
      },
      "SkiaSharp.NativeAssets.macOS": {
        "type": "Transitive",
        "resolved": "2.88.9",
        "contentHash": "Nv5spmKc4505Ep7oUoJ5vp3KweFpeNqxpyGDWyeEPTX2uR6S6syXIm3gj75dM0YJz7NPvcix48mR5laqs8dPuA=="
      },
      "SkiaSharp.NativeAssets.WebAssembly": {
        "type": "Transitive",
        "resolved": "2.88.9",
        "contentHash": "kt06RccBHSnAs2wDYdBSfsjIDbY3EpsOVqnlDgKdgvyuRA8ZFDaHRdWNx1VHjGgYzmnFCGiTJBnXFl5BqGwGnA=="
      },
      "SkiaSharp.NativeAssets.Win32": {
        "type": "Transitive",
        "resolved": "2.88.9",
        "contentHash": "wb2kYgU7iy84nQLYZwMeJXixvK++GoIuECjU4ECaUKNuflyRlJKyiRhN1MAHswvlvzuvkrjRWlK0Za6+kYQK7w=="
      },
      "Splat": {
        "type": "Transitive",
        "resolved": "15.1.1",
        "contentHash": "RHDTdF90FwVbRia2cmuIzkiVoETqnXSB2dDBBi/I35HWXqv4OKGqoMcfcd6obMvO2OmmY5PjU1M62K8LkJafAA=="
      },
      "SQLitePCLRaw.bundle_e_sqlite3": {
        "type": "Transitive",
        "resolved": "2.1.12",
        "contentHash": "mAgscpQMLw5/nfA1Q5oJVAT29yROUo1ifZGbbTpx/lwZpSxMUGoYbKfmvdm8oXER+RzxqBmmQzeBEVKfeHv2nw==",
        "dependencies": {
          "SQLitePCLRaw.lib.e_sqlite3": "2.1.12",
          "SQLitePCLRaw.provider.e_sqlite3": "2.1.12"
        }
      },
      "SQLitePCLRaw.core": {
        "type": "Transitive",
        "resolved": "2.1.12",
        "contentHash": "ETpNw9DY3ckWLgRRAeCHj+GKOuPi61aeczkXhgHexUvqoZBAYg8RYESE2J7O1M7+o6QbdSEZwrw9bfqztUVWXg=="
      },
      "SQLitePCLRaw.lib.e_sqlite3": {
        "type": "Transitive",
        "resolved": "2.1.12",
        "contentHash": "fWi8Dbknuhgg72fWinIdjXVaqO1hHL4YBBwVLnr7e1c9TAZwJ0QE38j9syW1hwx6HaqEVTwI+O07WPdZn8Rp0w=="
      },
      "SQLitePCLRaw.provider.e_sqlite3": {
        "type": "Transitive",
        "resolved": "2.1.12",
        "contentHash": "W3oH4XIfCzFrgUSDKHhN6N+dgzA5YHOR2VxX8GB6Qy7CyrJJgxPEG8NirgYWlPQC5P2jz2knSsexWu4tDUL33g==",
        "dependencies": {
          "SQLitePCLRaw.core": "2.1.12"
        }
      },
      "System.CodeDom": {
        "type": "Transitive",
        "resolved": "5.0.0",
        "contentHash": "JPJArwA1kdj8qDAkY2XGjSWoYnqiM7q/3yRNkt6n28Mnn95MuEGkZXUbPBf7qc3IjwrGY5ttQon7yqHZyQJmOQ=="
      },
      "System.ComponentModel.Annotations": {
        "type": "Transitive",
        "resolved": "5.0.0",
        "contentHash": "dMkqfy2el8A8/I76n2Hi1oBFEbG1SfxD2l5nhwXV3XjlnOmwxJlQbYpJH4W51odnU9sARCSAgv7S3CyAFMkpYg=="
      },
      "System.Management": {
        "type": "Transitive",
        "resolved": "5.0.0",
        "contentHash": "MF1CHaRcC+MLFdnDthv4/bKWBZnlnSpkGqa87pKukQefgEdwtb9zFW6zs0GjPp73qtpYYg4q6PEKbzJbxCpKfw==",
        "dependencies": {
          "Microsoft.NETCore.Platforms": "5.0.0",
          "System.CodeDom": "5.0.0"
        }
      },
      "Tmds.DBus.Protocol": {
        "type": "Transitive",
        "resolved": "0.21.3",
        "contentHash": "hDwB8WsQoyALQKqIbwzS68UKdlnafDm4T/DkO/JrA/YIneP/rKv96SxYPVXeh3FP4i/SXfShrYftKLtciJAIlw=="
      },
      "gmodaddonmanager.core": {
        "type": "Project",
        "dependencies": {
          "Microsoft.Data.Sqlite": "[8.0.29, )",
          "Newtonsoft.Json": "[13.0.4, )",
          "Polly": "[8.6.5, )",
          "SQLitePCLRaw.bundle_e_sqlite3": "[2.1.12, )",
          "SkiaSharp": "[2.88.8, )",
          "System.Management": "[5.0.0, )"
        }
      }
    },
    "net10.0/win-x64": {
      "Avalonia.Angle.Windows.Natives": {
        "type": "Transitive",
        "resolved": "2.1.25547.20250602",
        "contentHash": "ZL0VLc4s9rvNNFt19Pxm5UNAkmKNylugAwJPX9ulXZ6JWs/l6XZihPWWTyezaoNOVyEPU8YbURtW7XMAtqXH5A=="
      },
      "Avalonia.Native": {
        "type": "Transitive",
        "resolved": "11.3.14",
        "contentHash": "9ocWL83dAtB8W5dWXl6PIpf303Ri1o1JIDRo5Q9ZewIS/caKL2cgElrTSArc+4UrElCMluGbKHQC5P+YlF2fnQ==",
        "dependencies": {
          "Avalonia": "11.3.14"
        }
      },
      "HarfBuzzSharp.NativeAssets.Linux": {
        "type": "Transitive",
        "resolved": "8.3.1.1",
        "contentHash": "3EZ1mpIiKWRLL5hUYA82ZHteeDIVaEA/Z0rA/wU6tjx6crcAkJnBPwDXZugBSfo8+J3EznvRJf49uMsqYfKrHg=="
      },
      "HarfBuzzSharp.NativeAssets.macOS": {
        "type": "Transitive",
        "resolved": "8.3.1.1",
        "contentHash": "jbtCsgftcaFLCA13tVKo5iWdElJScrulLTKJre36O4YQTIlwDtPPqhRZNk+Y0vv4D1gxbscasGRucUDfS44ofQ=="
      },
      "HarfBuzzSharp.NativeAssets.Win32": {
        "type": "Transitive",
        "resolved": "8.3.1.1",
        "contentHash": "UsJtQsfAJoFDZrXc4hCUfRPMqccfKZ0iumJ/upcUjz/cmsTgVFGNEL5yaJWmkqsuFYdMWbj/En5/kS4PFl9hBA=="
      },
      "SkiaSharp.NativeAssets.Linux": {
        "type": "Transitive",
        "resolved": "2.88.9",
        "contentHash": "cWSaJKVPWAaT/WIn9c8T5uT/l4ETwHxNJTkEOtNKjphNo8AW6TF9O32aRkxqw3l8GUdUo66Bu7EiqtFh/XG0Zg==",
        "dependencies": {
          "SkiaSharp": "2.88.9"
        }
      },
      "SkiaSharp.NativeAssets.macOS": {
        "type": "Transitive",
        "resolved": "2.88.9",
        "contentHash": "Nv5spmKc4505Ep7oUoJ5vp3KweFpeNqxpyGDWyeEPTX2uR6S6syXIm3gj75dM0YJz7NPvcix48mR5laqs8dPuA=="
      },
      "SkiaSharp.NativeAssets.Win32": {
        "type": "Transitive",
        "resolved": "2.88.9",
        "contentHash": "wb2kYgU7iy84nQLYZwMeJXixvK++GoIuECjU4ECaUKNuflyRlJKyiRhN1MAHswvlvzuvkrjRWlK0Za6+kYQK7w=="
      },
      "SQLitePCLRaw.lib.e_sqlite3": {
        "type": "Transitive",
        "resolved": "2.1.12",
        "contentHash": "fWi8Dbknuhgg72fWinIdjXVaqO1hHL4YBBwVLnr7e1c9TAZwJ0QE38j9syW1hwx6HaqEVTwI+O07WPdZn8Rp0w=="
      },
      "System.Management": {
        "type": "Transitive",
        "resolved": "5.0.0",
        "contentHash": "MF1CHaRcC+MLFdnDthv4/bKWBZnlnSpkGqa87pKukQefgEdwtb9zFW6zs0GjPp73qtpYYg4q6PEKbzJbxCpKfw==",
        "dependencies": {
          "Microsoft.NETCore.Platforms": "5.0.0",
          "System.CodeDom": "5.0.0"
        }
      }
    }
  }
}